
Microsoft Visual Studio Solution File, Format Version 12.00
# Visual Studio Version 16
VisualStudioVersion = 16.0.30413.136
MinimumVisualStudioVersion = 10.0.40219.1
Project("{FAE04EC0-301F-11D3-BF4B-00C04F79EFBC}") = "MiTTPP-Projekt", "MiTTPP-Projekt\MiTTPP-Projekt.csproj", "{FAE107D1-AB65-496A-9CDB-7E5E299593B7}"
EndProject
Global
	GlobalSection(SolutionConfigurationPlatforms) = preSolution
		Debug|Any CPU = Debug|Any CPU
		Release|Any CPU = Release|Any CPU
	EndGlobalSection
	GlobalSection(ProjectConfigurationPlatforms) = postSolution
		{FAE107D1-AB65-496A-9CDB-7E5E299593B7}.Debug|Any CPU.ActiveCfg = Debug|Any CPU
		{FAE107D1-AB65-496A-9CDB-7E5E299593B7}.Debug|Any CPU.Build.0 = Debug|Any CPU
		{FAE107D1-AB65-496A-9CDB-7E5E299593B7}.Release|Any CPU.ActiveCfg = Release|Any CPU
		{FAE107D1-AB65-496A-9CDB-7E5E299593B7}.Release|Any CPU.Build.0 = Release|Any CPU
	EndGlobalSection
	GlobalSection(SolutionProperties) = preSolution
		HideSolutionNode = FALSE
	EndGlobalSection
	GlobalSection(ExtensibilityGlobals) = postSolution
		SolutionGuid = {364ADEF3-5639-4655-BF75-2C82E174A76E}
	EndGlobalSection
EndGlobal
